
Microsoft Visual Studio Solution File, Format Version 12.00
# Visual Studio Version 17
VisualStudioVersion = 17.13.35931.197 d17.13
MinimumVisualStudioVersion = 10.0.40219.1
Project("{FAE04EC0-301F-11D3-BF4B-00C04F79EFBC}") = "UsuariosApp.API", "UsuariosApp.API\UsuariosApp.API.csproj", "{2D49BD3C-57B2-49F9-B85D-8E245D590031}"
EndProject
Project("{FAE04EC0-301F-11D3-BF4B-00C04F79EFBC}") = "UsuariosApp.Domain", "UsuariosApp.Domain\UsuariosApp.Domain.csproj", "{848DFD46-DB36-4E2A-832A-0C1BE4514084}"
EndProject
Project("{FAE04EC0-301F-11D3-BF4B-00C04F79EFBC}") = "UsuariosApp.Infra.Data", "UsuariosApp.Infra.Data\UsuariosApp.Infra.Data.csproj", "{9788D834-15EE-4257-B8AC-DCD5A7330A4B}"
EndProject
Global
	GlobalSection(SolutionConfigurationPlatforms) = preSolution
		Debug|Any CPU = Debug|Any CPU
		Release|Any CPU = Release|Any CPU
	EndGlobalSection
	GlobalSection(ProjectConfigurationPlatforms) = postSolution
		{2D49BD3C-57B2-49F9-B85D-8E245D590031}.Debug|Any CPU.ActiveCfg = Debug|Any CPU
		{2D49BD3C-57B2-49F9-B85D-8E245D590031}.Debug|Any CPU.Build.0 = Debug|Any CPU
		{2D49BD3C-57B2-49F9-B85D-8E245D590031}.Release|Any CPU.ActiveCfg = Release|Any CPU
		{2D49BD3C-57B2-49F9-B85D-8E245D590031}.Release|Any CPU.Build.0 = Release|Any CPU
		{848DFD46-DB36-4E2A-832A-0C1BE4514084}.Debug|Any CPU.ActiveCfg = Debug|Any CPU
		{848DFD46-DB36-4E2A-832A-0C1BE4514084}.Debug|Any CPU.Build.0 = Debug|Any CPU
		{848DFD46-DB36-4E2A-832A-0C1BE4514084}.Release|Any CPU.ActiveCfg = Release|Any CPU
		{848DFD46-DB36-4E2A-832A-0C1BE4514084}.Release|Any CPU.Build.0 = Release|Any CPU
		{9788D834-15EE-4257-B8AC-DCD5A7330A4B}.Debug|Any CPU.ActiveCfg = Debug|Any CPU
		{9788D834-15EE-4257-B8AC-DCD5A7330A4B}.Debug|Any CPU.Build.0 = Debug|Any CPU
		{9788D834-15EE-4257-B8AC-DCD5A7330A4B}.Release|Any CPU.ActiveCfg = Release|Any CPU
		{9788D834-15EE-4257-B8AC-DCD5A7330A4B}.Release|Any CPU.Build.0 = Release|Any CPU
	EndGlobalSection
	GlobalSection(SolutionProperties) = preSolution
		HideSolutionNode = FALSE
	EndGlobalSection
	GlobalSection(ExtensibilityGlobals) = postSolution
		SolutionGuid = {CE14AC50-9F4E-474C-AAF3-DFEE3B9D4369}
	EndGlobalSection
EndGlobal
